// !$*UTF8*$!
{
	archiveVersion = 1;
	classes = {
	};
	objectVersion = 77;
	objects = {

/* Begin PBXContainerItemProxy section */
		A1A5947C2FFCD58800D00C24 /* PBXContainerItemProxy */ = {
			isa = PBXContainerItemProxy;
			containerPortal = A1A594662FFCD58700D00C24 /* Project object */;
			proxyType = 1;
			remoteGlobalIDString = A1A5946D2FFCD58700D00C24;
			remoteInfo = "Pi Dev";
		};
		A1A594862FFCD58800D00C24 /* PBXContainerItemProxy */ = {
			isa = PBXContainerItemProxy;
			containerPortal = A1A594662FFCD58700D00C24 /* Project object */;
			proxyType = 1;
			remoteGlobalIDString = A1A5946D2FFCD58700D00C24;
			remoteInfo = "Pi Dev";
		};
/* End PBXContainerItemProxy section */

/* Begin PBXFileReference section */
		A1A5946E2FFCD58700D00C24 /* Pi Dev.app */ = {isa = PBXFileReference; explicitFileType = wrapper.application; includeInIndex = 0; path = "Pi Dev.app"; sourceTree = BUILT_PRODUCTS_DIR; };
		A1A5947B2FFCD58800D00C24 /* Pi DevTests.xctest */ = {isa = PBXFileReference; explicitFileType = wrapper.cfbundle; includeInIndex = 0; path = "Pi DevTests.xctest"; sourceTree = BUILT_PRODUCTS_DIR; };
		A1A594852FFCD58800D00C24 /* Pi DevUITests.xctest */ = {isa = PBXFileReference; explicitFileType = wrapper.cfbundle; includeInIndex = 0; path = "Pi DevUITests.xctest"; sourceTree = BUILT_PRODUCTS_DIR; };
/* End PBXFileReference section */

/* Begin PBXFileSystemSynchronizedRootGroup section */
		A1A594702FFCD58700D00C24 /* Pi Dev */ = {
			isa = PBXFileSystemSynchronizedRootGroup;
			path = "Pi Dev";
			sourceTree = "<group>";
		};
		A1A5947E2FFCD58800D00C24 /* Pi DevTests */ = {
			isa = PBXFileSystemSynchronizedRootGroup;
			path = "Pi DevTests";
			sourceTree = "<group>";
		};
		A1A594882FFCD58800D00C24 /* Pi DevUITests */ = {
			isa = PBXFileSystemSynchronizedRootGroup;
			path = "Pi DevUITests";
			sourceTree = "<group>";
		};
/* End PBXFileSystemSynchronizedRootGroup section */

/* Begin PBXFrameworksBuildPhase section */
		A1A5946B2FFCD58700D00C24 /* Frameworks */ = {
			isa = PBXFrameworksBuildPhase;
			buildActionMask = 2147483647;
			files = (
			);
			runOnlyForDeploymentPostprocessing = 0;
		};
		A1A594782FFCD58800D00C24 /* Frameworks */ = {
			isa = PBXFrameworksBuildPhase;
			buildActionMask = 2147483647;
			files = (
			);
			runOnlyForDeploymentPostprocessing = 0;
		};
		A1A594822FFCD58800D00C24 /* Frameworks */ = {
			isa = PBXFrameworksBuildPhase;
			buildActionMask = 2147483647;
			files = (
			);
			runOnlyForDeploymentPostprocessing = 0;
		};
/* End PBXFrameworksBuildPhase section */

/* Begin PBXGroup section */
		A1A594652FFCD58700D00C24 = {
			isa = PBXGroup;
			children = (
				A1A594702FFCD58700D00C24 /* Pi Dev */,
				A1A5947E2FFCD58800D00C24 /* Pi DevTests */,
				A1A594882FFCD58800D00C24 /* Pi DevUITests */,
				A1A5946F2FFCD58700D00C24 /* Products */,
			);
			sourceTree = "<group>";
		};
		A1A5946F2FFCD58700D00C24 /* Products */ = {
			isa = PBXGroup;
			children = (
				A1A5946E2FFCD58700D00C24 /* Pi Dev.app */,
				A1A5947B2FFCD58800D00C24 /* Pi DevTests.xctest */,
				A1A594852FFCD58800D00C24 /* Pi DevUITests.xctest */,
			);
			name = Products;
			sourceTree = "<group>";
		};
/* End PBXGroup section */

/* Begin PBXNativeTarget section */
		A1A5946D2FFCD58700D00C24 /* Pi Dev */ = {
			isa = PBXNativeTarget;
			buildConfigurationList = A1A5948F2FFCD58800D00C24 /* Build configuration list for PBXNativeTarget "Pi Dev" */;
			buildPhases = (
				A1A5946A2FFCD58700D00C24 /* Sources */,
				A1A5946B2FFCD58700D00C24 /* Frameworks */,
				A1A5946C2FFCD58700D00C24 /* Resources */,
			);
			buildRules = (
			);
			dependencies = (
			);
			fileSystemSynchronizedGroups = (
				A1A594702FFCD58700D00C24 /* Pi Dev */,
			);
			name = "Pi Dev";
			packageProductDependencies = (
			);
			productName = "Pi Dev";
			productReference = A1A5946E2FFCD58700D00C24 /* Pi Dev.app */;
			productType = "com.apple.product-type.application";
		};
		A1A5947A2FFCD58800D00C24 /* Pi DevTests */ = {
			isa = PBXNativeTarget;
			buildConfigurationList = A1A594922FFCD58800D00C24 /* Build configuration list for PBXNativeTarget "Pi DevTests" */;
			buildPhases = (
				A1A594772FFCD58800D00C24 /* Sources */,
				A1A594782FFCD58800D00C24 /* Frameworks */,
				A1A594792FFCD58800D00C24 /* Resources */,
			);
			buildRules = (
			);
			dependencies = (
				A1A5947D2FFCD58800D00C24 /* PBXTargetDependency */,
			);
			fileSystemSynchronizedGroups = (
				A1A5947E2FFCD58800D00C24 /* Pi DevTests */,
			);
			name = "Pi DevTests";
			packageProductDependencies = (
			);
			productName = "Pi DevTests";
			productReference = A1A5947B2FFCD58800D00C24 /* Pi DevTests.xctest */;
			productType = "com.apple.product-type.bundle.unit-test";
		};
		A1A594842FFCD58800D00C24 /* Pi DevUITests */ = {
			isa = PBXNativeTarget;
			buildConfigurationList = A1A594952FFCD58800D00C24 /* Build configuration list for PBXNativeTarget "Pi DevUITests" */;
			buildPhases = (
				A1A594812FFCD58800D00C24 /* Sources */,
				A1A594822FFCD58800D00C24 /* Frameworks */,
				A1A594832FFCD58800D00C24 /* Resources */,
			);
			buildRules = (
			);
			dependencies = (
				A1A594872FFCD58800D00C24 /* PBXTargetDependency */,
			);
			fileSystemSynchronizedGroups = (
				A1A594882FFCD58800D00C24 /* Pi DevUITests */,
			);
			name = "Pi DevUITests";
			packageProductDependencies = (
			);
			productName = "Pi DevUITests";
			productReference = A1A594852FFCD58800D00C24 /* Pi DevUITests.xctest */;
			productType = "com.apple.product-type.bundle.ui-testing";
		};
/* End PBXNativeTarget section */

/* Begin PBXProject section */
		A1A594662FFCD58700D00C24 /* Project object */ = {
			isa = PBXProject;
			attributes = {
				BuildIndependentTargetsInParallel = 1;
				LastSwiftUpdateCheck = 2610;
				LastUpgradeCheck = 2610;
				TargetAttributes = {
					A1A5946D2FFCD58700D00C24 = {
						CreatedOnToolsVersion = 26.1.1;
					};
					A1A5947A2FFCD58800D00C24 = {
						CreatedOnToolsVersion = 26.1.1;
						TestTargetID = A1A5946D2FFCD58700D00C24;
					};
					A1A594842FFCD58800D00C24 = {
						CreatedOnToolsVersion = 26.1.1;
						TestTargetID = A1A5946D2FFCD58700D00C24;
					};
				};
			};
			buildConfigurationList = A1A594692FFCD58700D00C24 /* Build configuration list for PBXProject "Pi Dev" */;
			developmentRegion = en;
			hasScannedForEncodings = 0;
			knownRegions = (
				en,
				Base,
			);
			mainGroup = A1A594652FFCD58700D00C24;
			minimizedProjectReferenceProxies = 1;
			preferredProjectObjectVersion = 77;
			productRefGroup = A1A5946F2FFCD58700D00C24 /* Products */;
			projectDirPath = "";
			projectRoot = "";
			targets = (
				A1A5946D2FFCD58700D00C24 /* Pi Dev */,
				A1A5947A2FFCD58800D00C24 /* Pi DevTests */,
				A1A594842FFCD58800D00C24 /* Pi DevUITests */,
			);
		};
/* End PBXProject section */

/* Begin PBXResourcesBuildPhase section */
		A1A5946C2FFCD58700D00C24 /* Resources */ = {
			isa = PBXResourcesBuildPhase;
			buildActionMask = 2147483647;
			files = (
			);
			runOnlyForDeploymentPostprocessing = 0;
		};
		A1A594792FFCD58800D00C24 /* Resources */ = {
			isa = PBXResourcesBuildPhase;
			buildActionMask = 2147483647;
			files = (
			);
			runOnlyForDeploymentPostprocessing = 0;
		};
		A1A594832FFCD58800D00C24 /* Resources */ = {
			isa = PBXResourcesBuildPhase;
			buildActionMask = 2147483647;
			files = (
			);
			runOnlyForDeploymentPostprocessing = 0;
		};
/* End PBXResourcesBuildPhase section */

/* Begin PBXSourcesBuildPhase section */
		A1A5946A2FFCD58700D00C24 /* Sources */ = {
			isa = PBXSourcesBuildPhase;
			buildActionMask = 2147483647;
			files = (
			);
			runOnlyForDeploymentPostprocessing = 0;
		};
		A1A594772FFCD58800D00C24 /* Sources */ = {
			isa = PBXSourcesBuildPhase;
			buildActionMask = 2147483647;
			files = (
			);
			runOnlyForDeploymentPostprocessing = 0;
		};
		A1A594812FFCD58800D00C24 /* Sources */ = {
			isa = PBXSourcesBuildPhase;
			buildActionMask = 2147483647;
			files = (
			);
			runOnlyForDeploymentPostprocessing = 0;
		};
/* End PBXSourcesBuildPhase section */

/* Begin PBXTargetDependency section */
		A1A5947D2FFCD58800D00C24 /* PBXTargetDependency */ = {
			isa = PBXTargetDependency;
			target = A1A5946D2FFCD58700D00C24 /* Pi Dev */;
			targetProxy = A1A5947C2FFCD58800D00C24 /* PBXContainerItemProxy */;
		};
		A1A594872FFCD58800D00C24 /* PBXTargetDependency */ = {
			isa = PBXTargetDependency;
			target = A1A5946D2FFCD58700D00C24 /* Pi Dev */;
			targetProxy = A1A594862FFCD58800D00C24 /* PBXContainerItemProxy */;
		};
/* End PBXTargetDependency section */

/* Begin XCBuildConfiguration section */
		A1A5948D2FFCD58800D00C24 /* Debug */ = {
			isa = XCBuildConfiguration;
			buildSettings = {
				ALWAYS_SEARCH_USER_PATHS = NO;
				ASSETCATALOG_COMPILER_GENERATE_SWIFT_ASSET_SYMBOL_EXTENSIONS = YES;
				CLANG_ANALYZER_NONNULL = YES;
				CLANG_ANALYZER_NUMBER_OBJECT_CONVERSION = YES_AGGRESSIVE;
				CLANG_CXX_LANGUAGE_STANDARD = "gnu++20";
				CLANG_ENABLE_MODULES = YES;
				CLANG_ENABLE_OBJC_ARC = YES;
				CLANG_ENABLE_OBJC_WEAK = YES;
				CLANG_WARN_BLOCK_CAPTURE_AUTORELEASING = YES;
				CLANG_WARN_BOOL_CONVERSION = YES;
				CLANG_WARN_COMMA = YES;
				CLANG_WARN_CONSTANT_CONVERSION = YES;
				CLANG_WARN_DEPRECATED_OBJC_IMPLEMENTATIONS = YES;
				CLANG_WARN_DIRECT_OBJC_ISA_USAGE = YES_ERROR;
				CLANG_WARN_DOCUMENTATION_COMMENTS = YES;
				CLANG_WARN_EMPTY_BODY = YES;
				CLANG_WARN_ENUM_CONVERSION = YES;
				CLANG_WARN_INFINITE_RECURSION = YES;
				CLANG_WARN_INT_CONVERSION = YES;
				CLANG_WARN_NON_LITERAL_NULL_CONVERSION = YES;
				CLANG_WARN_OBJC_IMPLICIT_RETAIN_SELF = YES;
				CLANG_WARN_OBJC_LITERAL_CONVERSION = YES;
				CLANG_WARN_OBJC_ROOT_CLASS = YES_ERROR;
				CLANG_WARN_QUOTED_INCLUDE_IN_FRAMEWORK_HEADER = YES;
				CLANG_WARN_RANGE_LOOP_ANALYSIS = YES;
				CLANG_WARN_STRICT_PROTOTYPES = YES;
				CLANG_WARN_SUSPICIOUS_MOVE = YES;
				CLANG_WARN_UNGUARDED_AVAILABILITY = YES_AGGRESSIVE;
				CLANG_WARN_UNREACHABLE_CODE = YES;
				CLANG_WARN__DUPLICATE_METHOD_MATCH = YES;
				COPY_PHASE_STRIP = NO;
				DEBUG_INFORMATION_FORMAT = dwarf;
				DEVELOPMENT_TEAM = NNJNNZZKNN;
				ENABLE_STRICT_OBJC_MSGSEND = YES;
				ENABLE_TESTABILITY = YES;
				ENABLE_USER_SCRIPT_SANDBOXING = YES;
				GCC_C_LANGUAGE_STANDARD = gnu17;
				GCC_DYNAMIC_NO_PIC = NO;
				GCC_NO_COMMON_BLOCKS = YES;
				GCC_OPTIMIZATION_LEVEL = 0;
				GCC_PREPROCESSOR_DEFINITIONS = (
					"DEBUG=1",
					"$(inherited)",
				);
				GCC_WARN_64_TO_32_BIT_CONVERSION = YES;
				GCC_WARN_ABOUT_RETURN_TYPE = YES_ERROR;
				GCC_WARN_UNDECLARED_SELECTOR = YES;
				GCC_WARN_UNINITIALIZED_AUTOS = YES_AGGRESSIVE;
				GCC_WARN_UNUSED_FUNCTION = YES;
				GCC_WARN_UNUSED_VARIABLE = YES;
				IPHONEOS_DEPLOYMENT_TARGET = 26.1;
				LOCALIZATION_PREFERS_STRING_CATALOGS = YES;
				MTL_ENABLE_DEBUG_INFO = INCLUDE_SOURCE;
				MTL_FAST_MATH = YES;
				ONLY_ACTIVE_ARCH = YES;
				SDKROOT = iphoneos;
				SWIFT_ACTIVE_COMPILATION_CONDITIONS = "DEBUG $(inherited)";
				SWIFT_OPTIMIZATION_LEVEL = "-Onone";
			};
			name = Debug;
		};
		A1A5948E2FFCD58800D00C24 /* Release */ = {
			isa = XCBuildConfiguration;
			buildSettings = {
				ALWAYS_SEARCH_USER_PATHS = NO;
				ASSETCATALOG_COMPILER_GENERATE_SWIFT_ASSET_SYMBOL_EXTENSIONS = YES;
				CLANG_ANALYZER_NONNULL = YES;
				CLANG_ANALYZER_NUMBER_OBJECT_CONVERSION = YES_AGGRESSIVE;
				CLANG_CXX_LANGUAGE_STANDARD = "gnu++20";
				CLANG_ENABLE_MODULES = YES;
				CLANG_ENABLE_OBJC_ARC = YES;
				CLANG_ENABLE_OBJC_WEAK = YES;
				CLANG_WARN_BLOCK_CAPTURE_AUTORELEASING = YES;
				CLANG_WARN_BOOL_CONVERSION = YES;
				CLANG_WARN_COMMA = YES;
				CLANG_WARN_CONSTANT_CONVERSION = YES;
				CLANG_WARN_DEPRECATED_OBJC_IMPLEMENTATIONS = YES;
				CLANG_WARN_DIRECT_OBJC_ISA_USAGE = YES_ERROR;
				CLANG_WARN_DOCUMENTATION_COMMENTS = YES;
				CLANG_WARN_EMPTY_BODY = YES;
				CLANG_WARN_ENUM_CONVERSION = YES;
				CLANG_WARN_INFINITE_RECURSION = YES;
				CLANG_WARN_INT_CONVERSION = YES;
				CLANG_WARN_NON_LITERAL_NULL_CONVERSION = YES;
				CLANG_WARN_OBJC_IMPLICIT_RETAIN_SELF = YES;
				CLANG_WARN_OBJC_LITERAL_CONVERSION = YES;
				CLANG_WARN_OBJC_ROOT_CLASS = YES_ERROR;
				CLANG_WARN_QUOTED_INCLUDE_IN_FRAMEWORK_HEADER = YES;
				CLANG_WARN_RANGE_LOOP_ANALYSIS = YES;
				CLANG_WARN_STRICT_PROTOTYPES = YES;
				CLANG_WARN_SUSPICIOUS_MOVE = YES;
				CLANG_WARN_UNGUARDED_AVAILABILITY = YES_AGGRESSIVE;
				CLANG_WARN_UNREACHABLE_CODE = YES;
				CLANG_WARN__DUPLICATE_METHOD_MATCH = YES;
				COPY_PHASE_STRIP = NO;
				DEBUG_INFORMATION_FORMAT = "dwarf-with-dsym";
				DEVELOPMENT_TEAM = NNJNNZZKNN;
				ENABLE_NS_ASSERTIONS = NO;
				ENABLE_STRICT_OBJC_MSGSEND = YES;
				ENABLE_USER_SCRIPT_SANDBOXING = YES;
				GCC_C_LANGUAGE_STANDARD = gnu17;
				GCC_NO_COMMON_BLOCKS = YES;
				GCC_WARN_64_TO_32_BIT_CONVERSION = YES;
				GCC_WARN_ABOUT_RETURN_TYPE = YES_ERROR;
				GCC_WARN_UNDECLARED_SELECTOR = YES;
				GCC_WARN_UNINITIALIZED_AUTOS = YES_AGGRESSIVE;
				GCC_WARN_UNUSED_FUNCTION = YES;
				GCC_WARN_UNUSED_VARIABLE = YES;
				IPHONEOS_DEPLOYMENT_TARGET = 26.1;
				LOCALIZATION_PREFERS_STRING_CATALOGS = YES;
				MTL_ENABLE_DEBUG_INFO = NO;
				MTL_FAST_MATH = YES;
				SDKROOT = iphoneos;
				SWIFT_COMPILATION_MODE = wholemodule;
				VALIDATE_PRODUCT = YES;
			};
			name = Release;
		};
		A1A594902FFCD58800D00C24 /* Debug */ = {
			isa = XCBuildConfiguration;
			buildSettings = {
				ASSETCATALOG_COMPILER_APPICON_NAME = AppIcon;
				ASSETCATALOG_COMPILER_GLOBAL_ACCENT_COLOR_NAME = AccentColor;
				CODE_SIGN_STYLE = Automatic;
				CURRENT_PROJECT_VERSION = 1;
				DEVELOPMENT_TEAM = NNJNNZZKNN;
				ENABLE_PREVIEWS = YES;
				GENERATE_INFOPLIST_FILE = YES;
				INFOPLIST_KEY_UIApplicationSceneManifest_Generation = YES;
				INFOPLIST_KEY_UIApplicationSupportsIndirectInputEvents = YES;
				INFOPLIST_KEY_UILaunchScreen_Generation = YES;
				INFOPLIST_KEY_UISupportedInterfaceOrientations_iPad = "UIInterfaceOrientationPortrait UIInterfaceOrientationPortraitUpsideDown UIInterfaceOrientationLandscapeLeft UIInterfaceOrientationLandscapeRight";
				INFOPLIST_KEY_UISupportedInterfaceOrientations_iPhone = "UIInterfaceOrientationPortrait UIInterfaceOrientationLandscapeLeft UIInterfaceOrientationLandscapeRight";
				LD_RUNPATH_SEARCH_PATHS = (
					"$(inherited)",
					"@executable_path/Frameworks",
				);
				MARKETING_VERSION = 1.1;
				PRODUCT_BUNDLE_IDENTIFIER = max.test.pidev;
				PRODUCT_NAME = "$(TARGET_NAME)";
				STRING_CATALOG_GENERATE_SYMBOLS = YES;
				SWIFT_APPROACHABLE_CONCURRENCY = YES;
				SWIFT_DEFAULT_ACTOR_ISOLATION = MainActor;
				SWIFT_EMIT_LOC_STRINGS = YES;
				SWIFT_UPCOMING_FEATURE_MEMBER_IMPORT_VISIBILITY = YES;
				SWIFT_VERSION = 5.0;
				TARGETED_DEVICE_FAMILY = "1,2";
			};
			name = Debug;
		};
		A1A594912FFCD58800D00C24 /* Release */ = {
			isa = XCBuildConfiguration;
			buildSettings = {
				ASSETCATALOG_COMPILER_APPICON_NAME = AppIcon;
				ASSETCATALOG_COMPILER_GLOBAL_ACCENT_COLOR_NAME = AccentColor;
				CODE_SIGN_STYLE = Automatic;
				CURRENT_PROJECT_VERSION = 1;
				DEVELOPMENT_TEAM = NNJNNZZKNN;
				ENABLE_PREVIEWS = YES;
				GENERATE_INFOPLIST_FILE = YES;
				INFOPLIST_KEY_UIApplicationSceneManifest_Generation = YES;
				INFOPLIST_KEY_UIApplicationSupportsIndirectInputEvents = YES;
				INFOPLIST_KEY_UILaunchScreen_Generation = YES;
				INFOPLIST_KEY_UISupportedInterfaceOrientations_iPad = "UIInterfaceOrientationPortrait UIInterfaceOrientationPortraitUpsideDown UIInterfaceOrientationLandscapeLeft UIInterfaceOrientationLandscapeRight";
				INFOPLIST_KEY_UISupportedInterfaceOrientations_iPhone = "UIInterfaceOrientationPortrait UIInterfaceOrientationLandscapeLeft UIInterfaceOrientationLandscapeRight";
				LD_RUNPATH_SEARCH_PATHS = (
					"$(inherited)",
					"@executable_path/Frameworks",
				);
				MARKETING_VERSION = 1.1;
				PRODUCT_BUNDLE_IDENTIFIER = max.test.pidev;
				PRODUCT_NAME = "$(TARGET_NAME)";
				STRING_CATALOG_GENERATE_SYMBOLS = YES;
				SWIFT_APPROACHABLE_CONCURRENCY = YES;
				SWIFT_DEFAULT_ACTOR_ISOLATION = MainActor;
				SWIFT_EMIT_LOC_STRINGS = YES;
				SWIFT_UPCOMING_FEATURE_MEMBER_IMPORT_VISIBILITY = YES;
				SWIFT_VERSION = 5.0;
				TARGETED_DEVICE_FAMILY = "1,2";
			};
			name = Release;
		};
		A1A594932FFCD58800D00C24 /* Debug */ = {
			isa = XCBuildConfiguration;
			buildSettings = {
				BUNDLE_LOADER = "$(TEST_HOST)";
				CODE_SIGN_STYLE = Automatic;
				CURRENT_PROJECT_VERSION = 1;
				DEVELOPMENT_TEAM = NNJNNZZKNN;
				GENERATE_INFOPLIST_FILE = YES;
				IPHONEOS_DEPLOYMENT_TARGET = 26.1;
				MARKETING_VERSION = 1.1;
				PRODUCT_BUNDLE_IDENTIFIER = "max.test.Pi-DevTests";
				PRODUCT_NAME = "$(TARGET_NAME)";
				STRING_CATALOG_GENERATE_SYMBOLS = NO;
				SWIFT_APPROACHABLE_CONCURRENCY = YES;
				SWIFT_EMIT_LOC_STRINGS = NO;
				SWIFT_UPCOMING_FEATURE_MEMBER_IMPORT_VISIBILITY = YES;
				SWIFT_VERSION = 5.0;
				TARGETED_DEVICE_FAMILY = "1,2";
				TEST_HOST = "$(BUILT_PRODUCTS_DIR)/Pi Dev.app/$(BUNDLE_EXECUTABLE_FOLDER_PATH)/Pi Dev";
			};
			name = Debug;
		};
		A1A594942FFCD58800D00C24 /* Release */ = {
			isa = XCBuildConfiguration;
			buildSettings = {
				BUNDLE_LOADER = "$(TEST_HOST)";
				CODE_SIGN_STYLE = Automatic;
				CURRENT_PROJECT_VERSION = 1;
				DEVELOPMENT_TEAM = NNJNNZZKNN;
				GENERATE_INFOPLIST_FILE = YES;
				IPHONEOS_DEPLOYMENT_TARGET = 26.1;
				MARKETING_VERSION = 1.1;
				PRODUCT_BUNDLE_IDENTIFIER = "max.test.Pi-DevTests";
				PRODUCT_NAME = "$(TARGET_NAME)";
				STRING_CATALOG_GENERATE_SYMBOLS = NO;
				SWIFT_APPROACHABLE_CONCURRENCY = YES;
				SWIFT_EMIT_LOC_STRINGS = NO;
				SWIFT_UPCOMING_FEATURE_MEMBER_IMPORT_VISIBILITY = YES;
				SWIFT_VERSION = 5.0;
				TARGETED_DEVICE_FAMILY = "1,2";
				TEST_HOST = "$(BUILT_PRODUCTS_DIR)/Pi Dev.app/$(BUNDLE_EXECUTABLE_FOLDER_PATH)/Pi Dev";
			};
			name = Release;
		};
		A1A594962FFCD58800D00C24 /* Debug */ = {
			isa = XCBuildConfiguration;
			buildSettings = {
				CODE_SIGN_STYLE = Automatic;
				CURRENT_PROJECT_VERSION = 1;
				DEVELOPMENT_TEAM = NNJNNZZKNN;
				GENERATE_INFOPLIST_FILE = YES;
				MARKETING_VERSION = 1.1;
				PRODUCT_BUNDLE_IDENTIFIER = "max.test.Pi-DevUITests";
				PRODUCT_NAME = "$(TARGET_NAME)";
				STRING_CATALOG_GENERATE_SYMBOLS = NO;
				SWIFT_APPROACHABLE_CONCURRENCY = YES;
				SWIFT_EMIT_LOC_STRINGS = NO;
				SWIFT_UPCOMING_FEATURE_MEMBER_IMPORT_VISIBILITY = YES;
				SWIFT_VERSION = 5.0;
				TARGETED_DEVICE_FAMILY = "1,2";
				TEST_TARGET_NAME = "Pi Dev";
			};
			name = Debug;
		};
		A1A594972FFCD58800D00C24 /* Release */ = {
			isa = XCBuildConfiguration;
			buildSettings = {
				CODE_SIGN_STYLE = Automatic;
				CURRENT_PROJECT_VERSION = 1;
				DEVELOPMENT_TEAM = NNJNNZZKNN;
				GENERATE_INFOPLIST_FILE = YES;
				MARKETING_VERSION = 1.1;
				PRODUCT_BUNDLE_IDENTIFIER = "max.test.Pi-DevUITests";
				PRODUCT_NAME = "$(TARGET_NAME)";
				STRING_CATALOG_GENERATE_SYMBOLS = NO;
				SWIFT_APPROACHABLE_CONCURRENCY = YES;
				SWIFT_EMIT_LOC_STRINGS = NO;
				SWIFT_UPCOMING_FEATURE_MEMBER_IMPORT_VISIBILITY = YES;
				SWIFT_VERSION = 5.0;
				TARGETED_DEVICE_FAMILY = "1,2";
				TEST_TARGET_NAME = "Pi Dev";
			};
			name = Release;
		};
/* End XCBuildConfiguration section */

/* Begin XCConfigurationList section */
		A1A594692FFCD58700D00C24 /* Build configuration list for PBXProject "Pi Dev" */ = {
			isa = XCConfigurationList;
			buildConfigurations = (
				A1A5948D2FFCD58800D00C24 /* Debug */,
				A1A5948E2FFCD58800D00C24 /* Release */,
			);
			defaultConfigurationIsVisible = 0;
			defaultConfigurationName = Release;
		};
		A1A5948F2FFCD58800D00C24 /* Build configuration list for PBXNativeTarget "Pi Dev" */ = {
			isa = XCConfigurationList;
			buildConfigurations = (
				A1A594902FFCD58800D00C24 /* Debug */,
				A1A594912FFCD58800D00C24 /* Release */,
			);
			defaultConfigurationIsVisible = 0;
			defaultConfigurationName = Release;
		};
		A1A594922FFCD58800D00C24 /* Build configuration list for PBXNativeTarget "Pi DevTests" */ = {
			isa = XCConfigurationList;
			buildConfigurations = (
				A1A594932FFCD58800D00C24 /* Debug */,
				A1A594942FFCD58800D00C24 /* Release */,
			);
			defaultConfigurationIsVisible = 0;
			defaultConfigurationName = Release;
		};
		A1A594952FFCD58800D00C24 /* Build configuration list for PBXNativeTarget "Pi DevUITests" */ = {
			isa = XCConfigurationList;
			buildConfigurations = (
				A1A594962FFCD58800D00C24 /* Debug */,
				A1A594972FFCD58800D00C24 /* Release */,
			);
			defaultConfigurationIsVisible = 0;
			defaultConfigurationName = Release;
		};
/* End XCConfigurationList section */
	};
	rootObject = A1A594662FFCD58700D00C24 /* Project object */;
}
